lock:
  required_approvals: 6
  lock_branch: true
unlock:
  required_approvals: 0
  lock_branch: false
repositories:
  - org: galiprandi
    repo: bash
    branch: main
    # Optional per-repository overrides (if omitted, global lock/unlock settings are used)
    # lock:
    #   required_approvals: 6
    #   lock_branch: true
    # unlock:
    #   required_approvals: 1
    #   lock_branch: false
